
Microsoft Visual Studio Solution File, Format Version 12.00
# Visual Studio 2013
VisualStudioVersion = 12.0.31101.0
MinimumVisualStudioVersion = 10.0.40219.1
Project("{FAE04EC0-301F-11D3-BF4B-00C04F79EFBC}") = "PitFortress", "PitFortressSkeleton\PitFortress.csproj", "{7EEE7C67-4074-46E7-A5DD-8FAE8AF8DA04}"
EndProject
Project("{FAE04EC0-301F-11D3-BF4B-00C04F79EFBC}") = "PitFortressTests", "PitFortressTests\PitFortressTests.csproj", "{7E649715-347E-4C94-BFBE-CCF08E4BC9D7}"
EndProject
Global
	GlobalSection(SolutionConfigurationPlatforms) = preSolution
		Debug|Any CPU = Debug|Any CPU
		Release|Any CPU = Release|Any CPU
	EndGlobalSection
	GlobalSection(ProjectConfigurationPlatforms) = postSolution
		{7EEE7C67-4074-46E7-A5DD-8FAE8AF8DA04}.Debug|Any CPU.ActiveCfg = Debug|Any CPU
		{7EEE7C67-4074-46E7-A5DD-8FAE8AF8DA04}.Debug|Any CPU.Build.0 = Debug|Any CPU
		{7EEE7C67-4074-46E7-A5DD-8FAE8AF8DA04}.Release|Any CPU.ActiveCfg = Release|Any CPU
		{7EEE7C67-4074-46E7-A5DD-8FAE8AF8DA04}.Release|Any CPU.Build.0 = Release|Any CPU
		{7E649715-347E-4C94-BFBE-CCF08E4BC9D7}.Debug|Any CPU.ActiveCfg = Debug|Any CPU
		{7E649715-347E-4C94-BFBE-CCF08E4BC9D7}.Debug|Any CPU.Build.0 = Debug|Any CPU
		{7E649715-347E-4C94-BFBE-CCF08E4BC9D7}.Release|Any CPU.ActiveCfg = Release|Any CPU
		{7E649715-347E-4C94-BFBE-CCF08E4BC9D7}.Release|Any CPU.Build.0 = Release|Any CPU
	EndGlobalSection
	GlobalSection(SolutionProperties) = preSolution
		HideSolutionNode = FALSE
	EndGlobalSection
EndGlobal
