
Microsoft Visual Studio Solution File, Format Version 12.00
# Visual Studio 15
VisualStudioVersion = 15.0.27130.2020
MinimumVisualStudioVersion = 10.0.40219.1
Project("{FAE04EC0-301F-11D3-BF4B-00C04F79EFBC}") = "ThreadExecutor", "ThreadExecutor\ThreadExecutor.csproj", "{D7FCC0BC-6D69-4592-A088-29DC860BBC7F}"
EndProject
Project("{FAE04EC0-301F-11D3-BF4B-00C04F79EFBC}") = "ThreadExecutorTest", "ThreadExecutorTest\ThreadExecutorTest.csproj", "{F46C3329-F908-4AD5-B524-BDB7BE119438}"
EndProject
Global
	GlobalSection(SolutionConfigurationPlatforms) = preSolution
		Debug|Any CPU = Debug|Any CPU
		Release|Any CPU = Release|Any CPU
	EndGlobalSection
	GlobalSection(ProjectConfigurationPlatforms) = postSolution
		{D7FCC0BC-6D69-4592-A088-29DC860BBC7F}.Debug|Any CPU.ActiveCfg = Debug|Any CPU
		{D7FCC0BC-6D69-4592-A088-29DC860BBC7F}.Debug|Any CPU.Build.0 = Debug|Any CPU
		{D7FCC0BC-6D69-4592-A088-29DC860BBC7F}.Release|Any CPU.ActiveCfg = Release|Any CPU
		{D7FCC0BC-6D69-4592-A088-29DC860BBC7F}.Release|Any CPU.Build.0 = Release|Any CPU
		{F46C3329-F908-4AD5-B524-BDB7BE119438}.Debug|Any CPU.ActiveCfg = Debug|Any CPU
		{F46C3329-F908-4AD5-B524-BDB7BE119438}.Debug|Any CPU.Build.0 = Debug|Any CPU
		{F46C3329-F908-4AD5-B524-BDB7BE119438}.Release|Any CPU.ActiveCfg = Release|Any CPU
		{F46C3329-F908-4AD5-B524-BDB7BE119438}.Release|Any CPU.Build.0 = Release|Any CPU
	EndGlobalSection
	GlobalSection(SolutionProperties) = preSolution
		HideSolutionNode = FALSE
	EndGlobalSection
	GlobalSection(ExtensibilityGlobals) = postSolution
		SolutionGuid = {E83DA337-5C8B-42AB-BE4F-A304E46713BB}
	EndGlobalSection
EndGlobal
