
Microsoft Visual Studio Solution File, Format Version 12.00
# Visual Studio 15
VisualStudioVersion = 15.0.27004.2006
MinimumVisualStudioVersion = 10.0.40219.1
Project("{FAE04EC0-301F-11D3-BF4B-00C04F79EFBC}") = "SweepAndProne", "SweepAndProne\SweepAndProne.csproj", "{106E2BAD-95DF-4754-AF5F-8B0E5F4B6D75}"
EndProject
Project("{FAE04EC0-301F-11D3-BF4B-00C04F79EFBC}") = "GalaxyMap", "GalaxyMap\GalaxyMap.csproj", "{319EAB19-306C-45A4-9714-A1F6B49F26AF}"
EndProject
Global
	GlobalSection(SolutionConfigurationPlatforms) = preSolution
		Debug|Any CPU = Debug|Any CPU
		Release|Any CPU = Release|Any CPU
	EndGlobalSection
	GlobalSection(ProjectConfigurationPlatforms) = postSolution
		{106E2BAD-95DF-4754-AF5F-8B0E5F4B6D75}.Debug|Any CPU.ActiveCfg = Debug|Any CPU
		{106E2BAD-95DF-4754-AF5F-8B0E5F4B6D75}.Debug|Any CPU.Build.0 = Debug|Any CPU
		{106E2BAD-95DF-4754-AF5F-8B0E5F4B6D75}.Release|Any CPU.ActiveCfg = Release|Any CPU
		{106E2BAD-95DF-4754-AF5F-8B0E5F4B6D75}.Release|Any CPU.Build.0 = Release|Any CPU
		{319EAB19-306C-45A4-9714-A1F6B49F26AF}.Debug|Any CPU.ActiveCfg = Debug|Any CPU
		{319EAB19-306C-45A4-9714-A1F6B49F26AF}.Debug|Any CPU.Build.0 = Debug|Any CPU
		{319EAB19-306C-45A4-9714-A1F6B49F26AF}.Release|Any CPU.ActiveCfg = Release|Any CPU
		{319EAB19-306C-45A4-9714-A1F6B49F26AF}.Release|Any CPU.Build.0 = Release|Any CPU
	EndGlobalSection
	GlobalSection(SolutionProperties) = preSolution
		HideSolutionNode = FALSE
	EndGlobalSection
	GlobalSection(ExtensibilityGlobals) = postSolution
		SolutionGuid = {DABB4AF2-9059-46FF-9BB7-7374B14741C3}
	EndGlobalSection
EndGlobal
