
Microsoft Visual Studio Solution File, Format Version 12.00
# Visual Studio 15
VisualStudioVersion = 15.0.27004.2006
MinimumVisualStudioVersion = 10.0.40219.1
Project("{FAE04EC0-301F-11D3-BF4B-00C04F79EFBC}") = "TextEditor", "TextEditor\TextEditor.csproj", "{37DB061C-25DE-4089-8E14-F3728C802E80}"
EndProject
Global
	GlobalSection(SolutionConfigurationPlatforms) = preSolution
		Debug|Any CPU = Debug|Any CPU
		Release|Any CPU = Release|Any CPU
	EndGlobalSection
	GlobalSection(ProjectConfigurationPlatforms) = postSolution
		{37DB061C-25DE-4089-8E14-F3728C802E80}.Debug|Any CPU.ActiveCfg = Debug|Any CPU
		{37DB061C-25DE-4089-8E14-F3728C802E80}.Debug|Any CPU.Build.0 = Debug|Any CPU
		{37DB061C-25DE-4089-8E14-F3728C802E80}.Release|Any CPU.ActiveCfg = Release|Any CPU
		{37DB061C-25DE-4089-8E14-F3728C802E80}.Release|Any CPU.Build.0 = Release|Any CPU
	EndGlobalSection
	GlobalSection(SolutionProperties) = preSolution
		HideSolutionNode = FALSE
	EndGlobalSection
	GlobalSection(ExtensibilityGlobals) = postSolution
		SolutionGuid = {8AE54075-0C66-4118-B0F0-6BB09A5FC678}
	EndGlobalSection
EndGlobal
